// !$*UTF8*$!
{
	archiveVersion = 1;
	classes = {
	};
	objectVersion = 77;
	objects = {

/* Begin PBXBuildFile section */
		5E15B7432E87C548005096FA /* ContentView.swift in Sources */ = {isa = PBXBuildFile; fileRef = 5E15B73D2E87C548005096FA /* ContentView.swift */; };
		5E15B7442E87C548005096FA /* Persistence.swift in Sources */ = {isa = PBXBuildFile; fileRef = 5E15B73E2E87C548005096FA /* Persistence.swift */; };
		5E15B7452E87C548005096FA /* whoami.xcdatamodeld in Sources */ = {isa = PBXBuildFile; fileRef = 5E15B73F2E87C548005096FA /* whoami.xcdatamodeld */; };
		5E15B7462E87C548005096FA /* whoamiApp.swift in Sources */ = {isa = PBXBuildFile; fileRef = 5E15B7402E87C548005096FA /* whoamiApp.swift */; };
		5E15B7472E87C548005096FA /* Assets.xcassets in Resources */ = {isa = PBXBuildFile; fileRef = 5E15B73C2E87C548005096FA /* Assets.xcassets */; };
		5E15B74C2E87C5FD005096FA /* QuizModels.swift in Sources */ = {isa = PBXBuildFile; fileRef = 5E15B74B2E87C5F5005096FA /* QuizModels.swift */; };
		5E15B74E2E87C630005096FA /* QuizLoader.swift in Sources */ = {isa = PBXBuildFile; fileRef = 5E15B74D2E87C629005096FA /* QuizLoader.swift */; };
		5E15B7502E87C649005096FA /* QuizScoring.swift in Sources */ = {isa = PBXBuildFile; fileRef = 5E15B74F2E87C644005096FA /* QuizScoring.swift */; };
		5E15B7522E87C674005096FA /* QuizStore.swift in Sources */ = {isa = PBXBuildFile; fileRef = 5E15B7512E87C66C005096FA /* QuizStore.swift */; };
		5E15B7542E87C696005096FA /* ImageProvider.swift in Sources */ = {isa = PBXBuildFile; fileRef = 5E15B7532E87C693005096FA /* ImageProvider.swift */; };
		5E15B7562E87C6B1005096FA /* QuizListView.swift in Sources */ = {isa = PBXBuildFile; fileRef = 5E15B7552E87C6AD005096FA /* QuizListView.swift */; };
		5E15B7582E87C6D0005096FA /* QuizIntroView.swift in Sources */ = {isa = PBXBuildFile; fileRef = 5E15B7572E87C6CB005096FA /* QuizIntroView.swift */; };
		5E15B75A2E87C71A005096FA /* QuizRunView.swift in Sources */ = {isa = PBXBuildFile; fileRef = 5E15B7592E87C716005096FA /* QuizRunView.swift */; };
		5E15B75C2E87C736005096FA /* QuizResultView.swift in Sources */ = {isa = PBXBuildFile; fileRef = 5E15B75B2E87C731005096FA /* QuizResultView.swift */; };
		5E15B75E2E87C764005096FA /* AppRoot.swift in Sources */ = {isa = PBXBuildFile; fileRef = 5E15B75D2E87C75F005096FA /* AppRoot.swift */; };
		5E15B7652E87C82E005096FA /* manifest.json in Resources */ = {isa = PBXBuildFile; fileRef = 5E15B75F2E87C82E005096FA /* manifest.json */; };
		5E15B7662E87C82E005096FA /* quiz_heroes.json in Resources */ = {isa = PBXBuildFile; fileRef = 5E15B7632E87C82E005096FA /* quiz_heroes.json */; };
		5E15B7672E87C82E005096FA /* quiz_animals.json in Resources */ = {isa = PBXBuildFile; fileRef = 5E15B7602E87C82E005096FA /* quiz_animals.json */; };
		5E15B7682E87C82E005096FA /* quiz_dogs.json in Resources */ = {isa = PBXBuildFile; fileRef = 5E15B7622E87C82E005096FA /* quiz_dogs.json */; };
		5E15B7692E87C82E005096FA /* README.md in Resources */ = {isa = PBXBuildFile; fileRef = 5E15B7642E87C82E005096FA /* README.md */; };
		5E15B76A2E87C82E005096FA /* quiz_colors.json in Resources */ = {isa = PBXBuildFile; fileRef = 5E15B7612E87C82E005096FA /* quiz_colors.json */; };
		5E15B76C2E87D464005096FA /* StatsGridView.swift in Sources */ = {isa = PBXBuildFile; fileRef = 5E15B76B2E87D45D005096FA /* StatsGridView.swift */; };
		5E15B76E2E87D4B1005096FA /* TypeDetailView.swift in Sources */ = {isa = PBXBuildFile; fileRef = 5E15B76D2E87D4AA005096FA /* TypeDetailView.swift */; };
		5E934A9E2E8A888F0098DB35 /* quiz_mbti.json in Resources */ = {isa = PBXBuildFile; fileRef = 5E934A9D2E8A888F0098DB35 /* quiz_mbti.json */; };
		5E934A9F2E8A888F0098DB35 /* quiz_emoji.json in Resources */ = {isa = PBXBuildFile; fileRef = 5E934A9C2E8A888F0098DB35 /* quiz_emoji.json */; };
/* End PBXBuildFile section */

/* Begin PBXContainerItemProxy section */
		5E15B71D2E87BE88005096FA /* PBXContainerItemProxy */ = {
			isa = PBXContainerItemProxy;
			containerPortal = 5E15B7022E87BE86005096FA /* Project object */;
			proxyType = 1;
			remoteGlobalIDString = 5E15B7092E87BE86005096FA;
			remoteInfo = whoami;
		};
		5E15B7272E87BE88005096FA /* PBXContainerItemProxy */ = {
			isa = PBXContainerItemProxy;
			containerPortal = 5E15B7022E87BE86005096FA /* Project object */;
			proxyType = 1;
			remoteGlobalIDString = 5E15B7092E87BE86005096FA;
			remoteInfo = whoami;
		};
/* End PBXContainerItemProxy section */

/* Begin PBXFileReference section */
		5E15B70A2E87BE86005096FA /* whoami.app */ = {isa = PBXFileReference; explicitFileType = wrapper.application; includeInIndex = 0; path = whoami.app; sourceTree = BUILT_PRODUCTS_DIR; };
		5E15B71C2E87BE88005096FA /* whoamiTests.xctest */ = {isa = PBXFileReference; explicitFileType = wrapper.cfbundle; includeInIndex = 0; path = whoamiTests.xctest; sourceTree = BUILT_PRODUCTS_DIR; };
		5E15B7262E87BE88005096FA /* whoamiUITests.xctest */ = {isa = PBXFileReference; explicitFileType = wrapper.cfbundle; includeInIndex = 0; path = whoamiUITests.xctest; sourceTree = BUILT_PRODUCTS_DIR; };
		5E15B73C2E87C548005096FA /* Assets.xcassets */ = {isa = PBXFileReference; lastKnownFileType = folder.assetcatalog; path = Assets.xcassets; sourceTree = "<group>"; };
		5E15B73D2E87C548005096FA /* ContentView.swift */ = {isa = PBXFileReference; lastKnownFileType = sourcecode.swift; path = ContentView.swift; sourceTree = "<group>"; };
		5E15B73E2E87C548005096FA /* Persistence.swift */ = {isa = PBXFileReference; lastKnownFileType = sourcecode.swift; path = Persistence.swift; sourceTree = "<group>"; };
		5E15B7402E87C548005096FA /* whoamiApp.swift */ = {isa = PBXFileReference; lastKnownFileType = sourcecode.swift; path = whoamiApp.swift; sourceTree = "<group>"; };
		5E15B7422E87C548005096FA /* whoami.xcdatamodel */ = {isa = PBXFileReference; lastKnownFileType = wrapper.xcdatamodel; path = whoami.xcdatamodel; sourceTree = "<group>"; };
		5E15B74B2E87C5F5005096FA /* QuizModels.swift */ = {isa = PBXFileReference; lastKnownFileType = sourcecode.swift; path = QuizModels.swift; sourceTree = "<group>"; };
		5E15B74D2E87C629005096FA /* QuizLoader.swift */ = {isa = PBXFileReference; lastKnownFileType = sourcecode.swift; path = QuizLoader.swift; sourceTree = "<group>"; };
		5E15B74F2E87C644005096FA /* QuizScoring.swift */ = {isa = PBXFileReference; lastKnownFileType = sourcecode.swift; path = QuizScoring.swift; sourceTree = "<group>"; };
		5E15B7512E87C66C005096FA /* QuizStore.swift */ = {isa = PBXFileReference; lastKnownFileType = sourcecode.swift; path = QuizStore.swift; sourceTree = "<group>"; };
		5E15B7532E87C693005096FA /* ImageProvider.swift */ = {isa = PBXFileReference; lastKnownFileType = sourcecode.swift; path = ImageProvider.swift; sourceTree = "<group>"; };
		5E15B7552E87C6AD005096FA /* QuizListView.swift */ = {isa = PBXFileReference; lastKnownFileType = sourcecode.swift; path = QuizListView.swift; sourceTree = "<group>"; };
		5E15B7572E87C6CB005096FA /* QuizIntroView.swift */ = {isa = PBXFileReference; lastKnownFileType = sourcecode.swift; path = QuizIntroView.swift; sourceTree = "<group>"; };
		5E15B7592E87C716005096FA /* QuizRunView.swift */ = {isa = PBXFileReference; lastKnownFileType = sourcecode.swift; path = QuizRunView.swift; sourceTree = "<group>"; };
		5E15B75B2E87C731005096FA /* QuizResultView.swift */ = {isa = PBXFileReference; lastKnownFileType = sourcecode.swift; path = QuizResultView.swift; sourceTree = "<group>"; };
		5E15B75D2E87C75F005096FA /* AppRoot.swift */ = {isa = PBXFileReference; lastKnownFileType = sourcecode.swift; path = AppRoot.swift; sourceTree = "<group>"; };
		5E15B75F2E87C82E005096FA /* manifest.json */ = {isa = PBXFileReference; lastKnownFileType = text.json; path = manifest.json; sourceTree = "<group>"; };
		5E15B7602E87C82E005096FA /* quiz_animals.json */ = {isa = PBXFileReference; lastKnownFileType = text.json; path = quiz_animals.json; sourceTree = "<group>"; };
		5E15B7612E87C82E005096FA /* quiz_colors.json */ = {isa = PBXFileReference; lastKnownFileType = text.json; path = quiz_colors.json; sourceTree = "<group>"; };
		5E15B7622E87C82E005096FA /* quiz_dogs.json */ = {isa = PBXFileReference; lastKnownFileType = text.json; path = quiz_dogs.json; sourceTree = "<group>"; };
		5E15B7632E87C82E005096FA /* quiz_heroes.json */ = {isa = PBXFileReference; lastKnownFileType = text.json; path = quiz_heroes.json; sourceTree = "<group>"; };
		5E15B7642E87C82E005096FA /* README.md */ = {isa = PBXFileReference; lastKnownFileType = net.daringfireball.markdown; path = README.md; sourceTree = "<group>"; };
		5E15B76B2E87D45D005096FA /* StatsGridView.swift */ = {isa = PBXFileReference; lastKnownFileType = sourcecode.swift; path = StatsGridView.swift; sourceTree = "<group>"; };
		5E15B76D2E87D4AA005096FA /* TypeDetailView.swift */ = {isa = PBXFileReference; lastKnownFileType = sourcecode.swift; path = TypeDetailView.swift; sourceTree = "<group>"; };
		5E934A9C2E8A888F0098DB35 /* quiz_emoji.json */ = {isa = PBXFileReference; lastKnownFileType = text.json; path = quiz_emoji.json; sourceTree = "<group>"; };
		5E934A9D2E8A888F0098DB35 /* quiz_mbti.json */ = {isa = PBXFileReference; lastKnownFileType = text.json; path = quiz_mbti.json; sourceTree = "<group>"; };
/* End PBXFileReference section */

/* Begin PBXFileSystemSynchronizedRootGroup section */
		5E15B71F2E87BE88005096FA /* whoamiTests */ = {
			isa = PBXFileSystemSynchronizedRootGroup;
			path = whoamiTests;
			sourceTree = "<group>";
		};
		5E15B7292E87BE88005096FA /* whoamiUITests */ = {
			isa = PBXFileSystemSynchronizedRootGroup;
			path = whoamiUITests;
			sourceTree = "<group>";
		};
/* End PBXFileSystemSynchronizedRootGroup section */

/* Begin PBXFrameworksBuildPhase section */
		5E15B7072E87BE86005096FA /* Frameworks */ = {
			isa = PBXFrameworksBuildPhase;
			buildActionMask = 2147483647;
			files = (
			);
			runOnlyForDeploymentPostprocessing = 0;
		};
		5E15B7192E87BE88005096FA /* Frameworks */ = {
			isa = PBXFrameworksBuildPhase;
			buildActionMask = 2147483647;
			files = (
			);
			runOnlyForDeploymentPostprocessing = 0;
		};
		5E15B7232E87BE88005096FA /* Frameworks */ = {
			isa = PBXFrameworksBuildPhase;
			buildActionMask = 2147483647;
			files = (
			);
			runOnlyForDeploymentPostprocessing = 0;
		};
/* End PBXFrameworksBuildPhase section */

/* Begin PBXGroup section */
		5E15B7012E87BE86005096FA = {
			isa = PBXGroup;
			children = (
				5E15B7412E87C548005096FA /* whoami */,
				5E15B71F2E87BE88005096FA /* whoamiTests */,
				5E15B7292E87BE88005096FA /* whoamiUITests */,
				5E15B70B2E87BE86005096FA /* Products */,
			);
			sourceTree = "<group>";
		};
		5E15B70B2E87BE86005096FA /* Products */ = {
			isa = PBXGroup;
			children = (
				5E15B70A2E87BE86005096FA /* whoami.app */,
				5E15B71C2E87BE88005096FA /* whoamiTests.xctest */,
				5E15B7262E87BE88005096FA /* whoamiUITests.xctest */,
			);
			name = Products;
			sourceTree = "<group>";
		};
		5E15B73B2E87C548005096FA /* Quizzes */ = {
			isa = PBXGroup;
			children = (
				5E934A9C2E8A888F0098DB35 /* quiz_emoji.json */,
				5E934A9D2E8A888F0098DB35 /* quiz_mbti.json */,
				5E15B75F2E87C82E005096FA /* manifest.json */,
				5E15B7602E87C82E005096FA /* quiz_animals.json */,
				5E15B7612E87C82E005096FA /* quiz_colors.json */,
				5E15B7622E87C82E005096FA /* quiz_dogs.json */,
				5E15B7632E87C82E005096FA /* quiz_heroes.json */,
				5E15B7642E87C82E005096FA /* README.md */,
			);
			path = Quizzes;
			sourceTree = "<group>";
		};
		5E15B7412E87C548005096FA /* whoami */ = {
			isa = PBXGroup;
			children = (
				5E15B74A2E87C5D8005096FA /* Models */,
				5E15B7492E87C57E005096FA /* Services */,
				5E15B7482E87C55A005096FA /* Views */,
				5E15B73B2E87C548005096FA /* Quizzes */,
				5E15B73C2E87C548005096FA /* Assets.xcassets */,
				5E15B73D2E87C548005096FA /* ContentView.swift */,
				5E15B73E2E87C548005096FA /* Persistence.swift */,
				5E15B73F2E87C548005096FA /* whoami.xcdatamodeld */,
				5E15B7402E87C548005096FA /* whoamiApp.swift */,
			);
			path = whoami;
			sourceTree = "<group>";
		};
		5E15B7482E87C55A005096FA /* Views */ = {
			isa = PBXGroup;
			children = (
				5E15B76D2E87D4AA005096FA /* TypeDetailView.swift */,
				5E15B76B2E87D45D005096FA /* StatsGridView.swift */,
				5E15B75D2E87C75F005096FA /* AppRoot.swift */,
				5E15B75B2E87C731005096FA /* QuizResultView.swift */,
				5E15B7592E87C716005096FA /* QuizRunView.swift */,
				5E15B7572E87C6CB005096FA /* QuizIntroView.swift */,
				5E15B7552E87C6AD005096FA /* QuizListView.swift */,
			);
			path = Views;
			sourceTree = "<group>";
		};
		5E15B7492E87C57E005096FA /* Services */ = {
			isa = PBXGroup;
			children = (
				5E15B7532E87C693005096FA /* ImageProvider.swift */,
				5E15B7512E87C66C005096FA /* QuizStore.swift */,
				5E15B74F2E87C644005096FA /* QuizScoring.swift */,
				5E15B74D2E87C629005096FA /* QuizLoader.swift */,
			);
			path = Services;
			sourceTree = "<group>";
		};
		5E15B74A2E87C5D8005096FA /* Models */ = {
			isa = PBXGroup;
			children = (
				5E15B74B2E87C5F5005096FA /* QuizModels.swift */,
			);
			path = Models;
			sourceTree = "<group>";
		};
/* End PBXGroup section */

/* Begin PBXNativeTarget section */
		5E15B7092E87BE86005096FA /* whoami */ = {
			isa = PBXNativeTarget;
			buildConfigurationList = 5E15B7302E87BE88005096FA /* Build configuration list for PBXNativeTarget "whoami" */;
			buildPhases = (
				5E15B7062E87BE86005096FA /* Sources */,
				5E15B7072E87BE86005096FA /* Frameworks */,
				5E15B7082E87BE86005096FA /* Resources */,
			);
			buildRules = (
			);
			dependencies = (
			);
			name = whoami;
			packageProductDependencies = (
			);
			productName = whoami;
			productReference = 5E15B70A2E87BE86005096FA /* whoami.app */;
			productType = "com.apple.product-type.application";
		};
		5E15B71B2E87BE88005096FA /* whoamiTests */ = {
			isa = PBXNativeTarget;
			buildConfigurationList = 5E15B7332E87BE88005096FA /* Build configuration list for PBXNativeTarget "whoamiTests" */;
			buildPhases = (
				5E15B7182E87BE88005096FA /* Sources */,
				5E15B7192E87BE88005096FA /* Frameworks */,
				5E15B71A2E87BE88005096FA /* Resources */,
			);
			buildRules = (
			);
			dependencies = (
				5E15B71E2E87BE88005096FA /* PBXTargetDependency */,
			);
			fileSystemSynchronizedGroups = (
				5E15B71F2E87BE88005096FA /* whoamiTests */,
			);
			name = whoamiTests;
			packageProductDependencies = (
			);
			productName = whoamiTests;
			productReference = 5E15B71C2E87BE88005096FA /* whoamiTests.xctest */;
			productType = "com.apple.product-type.bundle.unit-test";
		};
		5E15B7252E87BE88005096FA /* whoamiUITests */ = {
			isa = PBXNativeTarget;
			buildConfigurationList = 5E15B7362E87BE88005096FA /* Build configuration list for PBXNativeTarget "whoamiUITests" */;
			buildPhases = (
				5E15B7222E87BE88005096FA /* Sources */,
				5E15B7232E87BE88005096FA /* Frameworks */,
				5E15B7242E87BE88005096FA /* Resources */,
			);
			buildRules = (
			);
			dependencies = (
				5E15B7282E87BE88005096FA /* PBXTargetDependency */,
			);
			fileSystemSynchronizedGroups = (
				5E15B7292E87BE88005096FA /* whoamiUITests */,
			);
			name = whoamiUITests;
			packageProductDependencies = (
			);
			productName = whoamiUITests;
			productReference = 5E15B7262E87BE88005096FA /* whoamiUITests.xctest */;
			productType = "com.apple.product-type.bundle.ui-testing";
		};
/* End PBXNativeTarget section */

/* Begin PBXProject section */
		5E15B7022E87BE86005096FA /* Project object */ = {
			isa = PBXProject;
			attributes = {
				BuildIndependentTargetsInParallel = 1;
				LastSwiftUpdateCheck = 2600;
				LastUpgradeCheck = 2600;
				TargetAttributes = {
					5E15B7092E87BE86005096FA = {
						CreatedOnToolsVersion = 26.0.1;
					};
					5E15B71B2E87BE88005096FA = {
						CreatedOnToolsVersion = 26.0.1;
						TestTargetID = 5E15B7092E87BE86005096FA;
					};
					5E15B7252E87BE88005096FA = {
						CreatedOnToolsVersion = 26.0.1;
						TestTargetID = 5E15B7092E87BE86005096FA;
					};
				};
			};
			buildConfigurationList = 5E15B7052E87BE86005096FA /* Build configuration list for PBXProject "whoami" */;
			developmentRegion = en;
			hasScannedForEncodings = 0;
			knownRegions = (
				en,
				Base,
			);
			mainGroup = 5E15B7012E87BE86005096FA;
			minimizedProjectReferenceProxies = 1;
			preferredProjectObjectVersion = 77;
			productRefGroup = 5E15B70B2E87BE86005096FA /* Products */;
			projectDirPath = "";
			projectRoot = "";
			targets = (
				5E15B7092E87BE86005096FA /* whoami */,
				5E15B71B2E87BE88005096FA /* whoamiTests */,
				5E15B7252E87BE88005096FA /* whoamiUITests */,
			);
		};
/* End PBXProject section */

/* Begin PBXResourcesBuildPhase section */
		5E15B7082E87BE86005096FA /* Resources */ = {
			isa = PBXResourcesBuildPhase;
			buildActionMask = 2147483647;
			files = (
				5E15B7472E87C548005096FA /* Assets.xcassets in Resources */,
				5E15B7652E87C82E005096FA /* manifest.json in Resources */,
				5E15B7662E87C82E005096FA /* quiz_heroes.json in Resources */,
				5E15B7672E87C82E005096FA /* quiz_animals.json in Resources */,
				5E15B7682E87C82E005096FA /* quiz_dogs.json in Resources */,
				5E934A9E2E8A888F0098DB35 /* quiz_mbti.json in Resources */,
				5E934A9F2E8A888F0098DB35 /* quiz_emoji.json in Resources */,
				5E15B7692E87C82E005096FA /* README.md in Resources */,
				5E15B76A2E87C82E005096FA /* quiz_colors.json in Resources */,
			);
			runOnlyForDeploymentPostprocessing = 0;
		};
		5E15B71A2E87BE88005096FA /* Resources */ = {
			isa = PBXResourcesBuildPhase;
			buildActionMask = 2147483647;
			files = (
			);
			runOnlyForDeploymentPostprocessing = 0;
		};
		5E15B7242E87BE88005096FA /* Resources */ = {
			isa = PBXResourcesBuildPhase;
			buildActionMask = 2147483647;
			files = (
			);
			runOnlyForDeploymentPostprocessing = 0;
		};
/* End PBXResourcesBuildPhase section */

/* Begin PBXSourcesBuildPhase section */
		5E15B7062E87BE86005096FA /* Sources */ = {
			isa = PBXSourcesBuildPhase;
			buildActionMask = 2147483647;
			files = (
				5E15B7522E87C674005096FA /* QuizStore.swift in Sources */,
				5E15B7432E87C548005096FA /* ContentView.swift in Sources */,
				5E15B74E2E87C630005096FA /* QuizLoader.swift in Sources */,
				5E15B7442E87C548005096FA /* Persistence.swift in Sources */,
				5E15B7452E87C548005096FA /* whoami.xcdatamodeld in Sources */,
				5E15B7582E87C6D0005096FA /* QuizIntroView.swift in Sources */,
				5E15B7462E87C548005096FA /* whoamiApp.swift in Sources */,
				5E15B7502E87C649005096FA /* QuizScoring.swift in Sources */,
				5E15B7562E87C6B1005096FA /* QuizListView.swift in Sources */,
				5E15B75A2E87C71A005096FA /* QuizRunView.swift in Sources */,
				5E15B75C2E87C736005096FA /* QuizResultView.swift in Sources */,
				5E15B75E2E87C764005096FA /* AppRoot.swift in Sources */,
				5E15B74C2E87C5FD005096FA /* QuizModels.swift in Sources */,
				5E15B76C2E87D464005096FA /* StatsGridView.swift in Sources */,
				5E15B7542E87C696005096FA /* ImageProvider.swift in Sources */,
				5E15B76E2E87D4B1005096FA /* TypeDetailView.swift in Sources */,
			);
			runOnlyForDeploymentPostprocessing = 0;
		};
		5E15B7182E87BE88005096FA /* Sources */ = {
			isa = PBXSourcesBuildPhase;
			buildActionMask = 2147483647;
			files = (
			);
			runOnlyForDeploymentPostprocessing = 0;
		};
		5E15B7222E87BE88005096FA /* Sources */ = {
			isa = PBXSourcesBuildPhase;
			buildActionMask = 2147483647;
			files = (
			);
			runOnlyForDeploymentPostprocessing = 0;
		};
/* End PBXSourcesBuildPhase section */

/* Begin PBXTargetDependency section */
		5E15B71E2E87BE88005096FA /* PBXTargetDependency */ = {
			isa = PBXTargetDependency;
			target = 5E15B7092E87BE86005096FA /* whoami */;
			targetProxy = 5E15B71D2E87BE88005096FA /* PBXContainerItemProxy */;
		};
		5E15B7282E87BE88005096FA /* PBXTargetDependency */ = {
			isa = PBXTargetDependency;
			target = 5E15B7092E87BE86005096FA /* whoami */;
			targetProxy = 5E15B7272E87BE88005096FA /* PBXContainerItemProxy */;
		};
/* End PBXTargetDependency section */

/* Begin XCBuildConfiguration section */
		5E15B72E2E87BE88005096FA /* Debug */ = {
			isa = XCBuildConfiguration;
			buildSettings = {
				ALWAYS_SEARCH_USER_PATHS = NO;
				ASSETCATALOG_COMPILER_GENERATE_SWIFT_ASSET_SYMBOL_EXTENSIONS = YES;
				CLANG_ANALYZER_NONNULL = YES;
				CLANG_ANALYZER_NUMBER_OBJECT_CONVERSION = YES_AGGRESSIVE;
				CLANG_CXX_LANGUAGE_STANDARD = "gnu++20";
				CLANG_ENABLE_MODULES = YES;
				CLANG_ENABLE_OBJC_ARC = YES;
				CLANG_ENABLE_OBJC_WEAK = YES;
				CLANG_WARN_BLOCK_CAPTURE_AUTORELEASING = YES;
				CLANG_WARN_BOOL_CONVERSION = YES;
				CLANG_WARN_COMMA = YES;
				CLANG_WARN_CONSTANT_CONVERSION = YES;
				CLANG_WARN_DEPRECATED_OBJC_IMPLEMENTATIONS = YES;
				CLANG_WARN_DIRECT_OBJC_ISA_USAGE = YES_ERROR;
				CLANG_WARN_DOCUMENTATION_COMMENTS = YES;
				CLANG_WARN_EMPTY_BODY = YES;
				CLANG_WARN_ENUM_CONVERSION = YES;
				CLANG_WARN_INFINITE_RECURSION = YES;
				CLANG_WARN_INT_CONVERSION = YES;
				CLANG_WARN_NON_LITERAL_NULL_CONVERSION = YES;
				CLANG_WARN_OBJC_IMPLICIT_RETAIN_SELF = YES;
				CLANG_WARN_OBJC_LITERAL_CONVERSION = YES;
				CLANG_WARN_OBJC_ROOT_CLASS = YES_ERROR;
				CLANG_WARN_QUOTED_INCLUDE_IN_FRAMEWORK_HEADER = YES;
				CLANG_WARN_RANGE_LOOP_ANALYSIS = YES;
				CLANG_WARN_STRICT_PROTOTYPES = YES;
				CLANG_WARN_SUSPICIOUS_MOVE = YES;
				CLANG_WARN_UNGUARDED_AVAILABILITY = YES_AGGRESSIVE;
				CLANG_WARN_UNREACHABLE_CODE = YES;
				CLANG_WARN__DUPLICATE_METHOD_MATCH = YES;
				COPY_PHASE_STRIP = NO;
				DEBUG_INFORMATION_FORMAT = dwarf;
				DEVELOPMENT_TEAM = F6MK5AKLRQ;
				ENABLE_STRICT_OBJC_MSGSEND = YES;
				ENABLE_TESTABILITY = YES;
				ENABLE_USER_SCRIPT_SANDBOXING = YES;
				GCC_C_LANGUAGE_STANDARD = gnu17;
				GCC_DYNAMIC_NO_PIC = NO;
				GCC_NO_COMMON_BLOCKS = YES;
				GCC_OPTIMIZATION_LEVEL = 0;
				GCC_PREPROCESSOR_DEFINITIONS = (
					"DEBUG=1",
					"$(inherited)",
				);
				GCC_WARN_64_TO_32_BIT_CONVERSION = YES;
				GCC_WARN_ABOUT_RETURN_TYPE = YES_ERROR;
				GCC_WARN_UNDECLARED_SELECTOR = YES;
				GCC_WARN_UNINITIALIZED_AUTOS = YES_AGGRESSIVE;
				GCC_WARN_UNUSED_FUNCTION = YES;
				GCC_WARN_UNUSED_VARIABLE = YES;
				LOCALIZATION_PREFERS_STRING_CATALOGS = YES;
				MTL_ENABLE_DEBUG_INFO = INCLUDE_SOURCE;
				MTL_FAST_MATH = YES;
				ONLY_ACTIVE_ARCH = YES;
				SWIFT_ACTIVE_COMPILATION_CONDITIONS = "DEBUG $(inherited)";
				SWIFT_OPTIMIZATION_LEVEL = "-Onone";
			};
			name = Debug;
		};
		5E15B72F2E87BE88005096FA /* Release */ = {
			isa = XCBuildConfiguration;
			buildSettings = {
				ALWAYS_SEARCH_USER_PATHS = NO;
				ASSETCATALOG_COMPILER_GENERATE_SWIFT_ASSET_SYMBOL_EXTENSIONS = YES;
				CLANG_ANALYZER_NONNULL = YES;
				CLANG_ANALYZER_NUMBER_OBJECT_CONVERSION = YES_AGGRESSIVE;
				CLANG_CXX_LANGUAGE_STANDARD = "gnu++20";
				CLANG_ENABLE_MODULES = YES;
				CLANG_ENABLE_OBJC_ARC = YES;
				CLANG_ENABLE_OBJC_WEAK = YES;
				CLANG_WARN_BLOCK_CAPTURE_AUTORELEASING = YES;
				CLANG_WARN_BOOL_CONVERSION = YES;
				CLANG_WARN_COMMA = YES;
				CLANG_WARN_CONSTANT_CONVERSION = YES;
				CLANG_WARN_DEPRECATED_OBJC_IMPLEMENTATIONS = YES;
				CLANG_WARN_DIRECT_OBJC_ISA_USAGE = YES_ERROR;
				CLANG_WARN_DOCUMENTATION_COMMENTS = YES;
				CLANG_WARN_EMPTY_BODY = YES;
				CLANG_WARN_ENUM_CONVERSION = YES;
				CLANG_WARN_INFINITE_RECURSION = YES;
				CLANG_WARN_INT_CONVERSION = YES;
				CLANG_WARN_NON_LITERAL_NULL_CONVERSION = YES;
				CLANG_WARN_OBJC_IMPLICIT_RETAIN_SELF = YES;
				CLANG_WARN_OBJC_LITERAL_CONVERSION = YES;
				CLANG_WARN_OBJC_ROOT_CLASS = YES_ERROR;
				CLANG_WARN_QUOTED_INCLUDE_IN_FRAMEWORK_HEADER = YES;
				CLANG_WARN_RANGE_LOOP_ANALYSIS = YES;
				CLANG_WARN_STRICT_PROTOTYPES = YES;
				CLANG_WARN_SUSPICIOUS_MOVE = YES;
				CLANG_WARN_UNGUARDED_AVAILABILITY = YES_AGGRESSIVE;
				CLANG_WARN_UNREACHABLE_CODE = YES;
				CLANG_WARN__DUPLICATE_METHOD_MATCH = YES;
				COPY_PHASE_STRIP = NO;
				DEBUG_INFORMATION_FORMAT = "dwarf-with-dsym";
				DEVELOPMENT_TEAM = F6MK5AKLRQ;
				ENABLE_NS_ASSERTIONS = NO;
				ENABLE_STRICT_OBJC_MSGSEND = YES;
				ENABLE_USER_SCRIPT_SANDBOXING = YES;
				GCC_C_LANGUAGE_STANDARD = gnu17;
				GCC_NO_COMMON_BLOCKS = YES;
				GCC_WARN_64_TO_32_BIT_CONVERSION = YES;
				GCC_WARN_ABOUT_RETURN_TYPE = YES_ERROR;
				GCC_WARN_UNDECLARED_SELECTOR = YES;
				GCC_WARN_UNINITIALIZED_AUTOS = YES_AGGRESSIVE;
				GCC_WARN_UNUSED_FUNCTION = YES;
				GCC_WARN_UNUSED_VARIABLE = YES;
				LOCALIZATION_PREFERS_STRING_CATALOGS = YES;
				MTL_ENABLE_DEBUG_INFO = NO;
				MTL_FAST_MATH = YES;
				SWIFT_COMPILATION_MODE = wholemodule;
			};
			name = Release;
		};
		5E15B7312E87BE88005096FA /* Debug */ = {
			isa = XCBuildConfiguration;
			buildSettings = {
				ASSETCATALOG_COMPILER_APPICON_NAME = AppIcon;
				ASSETCATALOG_COMPILER_GLOBAL_ACCENT_COLOR_NAME = AccentColor;
				ASSETCATALOG_COMPILER_INCLUDE_ALL_APPICON_ASSETS = YES;
				CODE_SIGN_STYLE = Automatic;
				CURRENT_PROJECT_VERSION = 1;
				DEVELOPMENT_TEAM = F6MK5AKLRQ;
				ENABLE_APP_SANDBOX = YES;
				ENABLE_HARDENED_RUNTIME = YES;
				ENABLE_PREVIEWS = YES;
				ENABLE_USER_SELECTED_FILES = readonly;
				GENERATE_INFOPLIST_FILE = YES;
				INFOPLIST_KEY_CFBundleDisplayName = "Who Are You";
				INFOPLIST_KEY_LSApplicationCategoryType = "public.app-category.lifestyle";
				"INFOPLIST_KEY_UIApplicationSceneManifest_Generation[sdk=iphoneos*]" = YES;
				"INFOPLIST_KEY_UIApplicationSceneManifest_Generation[sdk=iphonesimulator*]" = YES;
				"INFOPLIST_KEY_UIApplicationSupportsIndirectInputEvents[sdk=iphoneos*]" = YES;
				"INFOPLIST_KEY_UIApplicationSupportsIndirectInputEvents[sdk=iphonesimulator*]" = YES;
				"INFOPLIST_KEY_UILaunchScreen_Generation[sdk=iphoneos*]" = YES;
				"INFOPLIST_KEY_UILaunchScreen_Generation[sdk=iphonesimulator*]" = YES;
				INFOPLIST_KEY_UIStatusBarStyle = UIStatusBarStyleLightContent;
				"INFOPLIST_KEY_UIStatusBarStyle[sdk=iphoneos*]" = UIStatusBarStyleDefault;
				"INFOPLIST_KEY_UIStatusBarStyle[sdk=iphonesimulator*]" = UIStatusBarStyleDefault;
				INFOPLIST_KEY_UISupportedInterfaceOrientations_iPad = "UIInterfaceOrientationPortrait UIInterfaceOrientationPortraitUpsideDown UIInterfaceOrientationLandscapeLeft UIInterfaceOrientationLandscapeRight";
				INFOPLIST_KEY_UISupportedInterfaceOrientations_iPhone = "UIInterfaceOrientationPortrait UIInterfaceOrientationLandscapeLeft UIInterfaceOrientationLandscapeRight";
				IPHONEOS_DEPLOYMENT_TARGET = 15;
				LD_RUNPATH_SEARCH_PATHS = "@executable_path/Frameworks";
				"LD_RUNPATH_SEARCH_PATHS[sdk=macosx*]" = "@executable_path/../Frameworks";
				MACOSX_DEPLOYMENT_TARGET = 15.6;
				MARKETING_VERSION = 1.0;
				PRODUCT_BUNDLE_IDENTIFIER = com.ziszap.whoami;
				PRODUCT_NAME = "$(TARGET_NAME)";
				REGISTER_APP_GROUPS = YES;
				SDKROOT = auto;
				STRING_CATALOG_GENERATE_SYMBOLS = YES;
				SUPPORTED_PLATFORMS = "iphoneos iphonesimulator macosx xros xrsimulator";
				SWIFT_APPROACHABLE_CONCURRENCY = YES;
				SWIFT_DEFAULT_ACTOR_ISOLATION = MainActor;
				SWIFT_EMIT_LOC_STRINGS = YES;
				SWIFT_UPCOMING_FEATURE_MEMBER_IMPORT_VISIBILITY = YES;
				SWIFT_VERSION = 5.0;
				TARGETED_DEVICE_FAMILY = "1,2,7";
				XROS_DEPLOYMENT_TARGET = 26.0;
			};
			name = Debug;
		};
		5E15B7322E87BE88005096FA /* Release */ = {
			isa = XCBuildConfiguration;
			buildSettings = {
				ASSETCATALOG_COMPILER_APPICON_NAME = AppIcon;
				ASSETCATALOG_COMPILER_GLOBAL_ACCENT_COLOR_NAME = AccentColor;
				ASSETCATALOG_COMPILER_INCLUDE_ALL_APPICON_ASSETS = YES;
				CODE_SIGN_STYLE = Automatic;
				CURRENT_PROJECT_VERSION = 1;
				DEVELOPMENT_TEAM = F6MK5AKLRQ;
				ENABLE_APP_SANDBOX = YES;
				ENABLE_HARDENED_RUNTIME = YES;
				ENABLE_PREVIEWS = YES;
				ENABLE_USER_SELECTED_FILES = readonly;
				GENERATE_INFOPLIST_FILE = YES;
				INFOPLIST_KEY_CFBundleDisplayName = "Who Are You";
				INFOPLIST_KEY_LSApplicationCategoryType = "public.app-category.lifestyle";
				"INFOPLIST_KEY_UIApplicationSceneManifest_Generation[sdk=iphoneos*]" = YES;
				"INFOPLIST_KEY_UIApplicationSceneManifest_Generation[sdk=iphonesimulator*]" = YES;
				"INFOPLIST_KEY_UIApplicationSupportsIndirectInputEvents[sdk=iphoneos*]" = YES;
				"INFOPLIST_KEY_UIApplicationSupportsIndirectInputEvents[sdk=iphonesimulator*]" = YES;
				"INFOPLIST_KEY_UILaunchScreen_Generation[sdk=iphoneos*]" = YES;
				"INFOPLIST_KEY_UILaunchScreen_Generation[sdk=iphonesimulator*]" = YES;
				INFOPLIST_KEY_UIStatusBarStyle = UIStatusBarStyleLightContent;
				"INFOPLIST_KEY_UIStatusBarStyle[sdk=iphoneos*]" = UIStatusBarStyleDefault;
				"INFOPLIST_KEY_UIStatusBarStyle[sdk=iphonesimulator*]" = UIStatusBarStyleDefault;
				INFOPLIST_KEY_UISupportedInterfaceOrientations_iPad = "UIInterfaceOrientationPortrait UIInterfaceOrientationPortraitUpsideDown UIInterfaceOrientationLandscapeLeft UIInterfaceOrientationLandscapeRight";
				INFOPLIST_KEY_UISupportedInterfaceOrientations_iPhone = "UIInterfaceOrientationPortrait UIInterfaceOrientationLandscapeLeft UIInterfaceOrientationLandscapeRight";
				IPHONEOS_DEPLOYMENT_TARGET = 15;
				LD_RUNPATH_SEARCH_PATHS = "@executable_path/Frameworks";
				"LD_RUNPATH_SEARCH_PATHS[sdk=macosx*]" = "@executable_path/../Frameworks";
				MACOSX_DEPLOYMENT_TARGET = 15.6;
				MARKETING_VERSION = 1.0;
				PRODUCT_BUNDLE_IDENTIFIER = com.ziszap.whoami;
				PRODUCT_NAME = "$(TARGET_NAME)";
				REGISTER_APP_GROUPS = YES;
				SDKROOT = auto;
				STRING_CATALOG_GENERATE_SYMBOLS = YES;
				SUPPORTED_PLATFORMS = "iphoneos iphonesimulator macosx xros xrsimulator";
				SWIFT_APPROACHABLE_CONCURRENCY = YES;
				SWIFT_DEFAULT_ACTOR_ISOLATION = MainActor;
				SWIFT_EMIT_LOC_STRINGS = YES;
				SWIFT_UPCOMING_FEATURE_MEMBER_IMPORT_VISIBILITY = YES;
				SWIFT_VERSION = 5.0;
				TARGETED_DEVICE_FAMILY = "1,2,7";
				XROS_DEPLOYMENT_TARGET = 26.0;
			};
			name = Release;
		};
		5E15B7342E87BE88005096FA /* Debug */ = {
			isa = XCBuildConfiguration;
			buildSettings = {
				BUNDLE_LOADER = "$(TEST_HOST)";
				CODE_SIGN_STYLE = Automatic;
				CURRENT_PROJECT_VERSION = 1;
				DEVELOPMENT_TEAM = F6MK5AKLRQ;
				GENERATE_INFOPLIST_FILE = YES;
				IPHONEOS_DEPLOYMENT_TARGET = 26.0;
				MACOSX_DEPLOYMENT_TARGET = 15.6;
				MARKETING_VERSION = 1.0;
				PRODUCT_BUNDLE_IDENTIFIER = com.ziszap.whoamiTests;
				PRODUCT_NAME = "$(TARGET_NAME)";
				SDKROOT = auto;
				STRING_CATALOG_GENERATE_SYMBOLS = NO;
				SUPPORTED_PLATFORMS = "iphoneos iphonesimulator macosx xros xrsimulator";
				SWIFT_APPROACHABLE_CONCURRENCY = YES;
				SWIFT_EMIT_LOC_STRINGS = NO;
				SWIFT_UPCOMING_FEATURE_MEMBER_IMPORT_VISIBILITY = YES;
				SWIFT_VERSION = 5.0;
				TARGETED_DEVICE_FAMILY = "1,2,7";
				TEST_HOST = "$(BUILT_PRODUCTS_DIR)/whoami.app/$(BUNDLE_EXECUTABLE_FOLDER_PATH)/whoami";
				XROS_DEPLOYMENT_TARGET = 26.0;
			};
			name = Debug;
		};
		5E15B7352E87BE88005096FA /* Release */ = {
			isa = XCBuildConfiguration;
			buildSettings = {
				BUNDLE_LOADER = "$(TEST_HOST)";
				CODE_SIGN_STYLE = Automatic;
				CURRENT_PROJECT_VERSION = 1;
				DEVELOPMENT_TEAM = F6MK5AKLRQ;
				GENERATE_INFOPLIST_FILE = YES;
				IPHONEOS_DEPLOYMENT_TARGET = 26.0;
				MACOSX_DEPLOYMENT_TARGET = 15.6;
				MARKETING_VERSION = 1.0;
				PRODUCT_BUNDLE_IDENTIFIER = com.ziszap.whoamiTests;
				PRODUCT_NAME = "$(TARGET_NAME)";
				SDKROOT = auto;
				STRING_CATALOG_GENERATE_SYMBOLS = NO;
				SUPPORTED_PLATFORMS = "iphoneos iphonesimulator macosx xros xrsimulator";
				SWIFT_APPROACHABLE_CONCURRENCY = YES;
				SWIFT_EMIT_LOC_STRINGS = NO;
				SWIFT_UPCOMING_FEATURE_MEMBER_IMPORT_VISIBILITY = YES;
				SWIFT_VERSION = 5.0;
				TARGETED_DEVICE_FAMILY = "1,2,7";
				TEST_HOST = "$(BUILT_PRODUCTS_DIR)/whoami.app/$(BUNDLE_EXECUTABLE_FOLDER_PATH)/whoami";
				XROS_DEPLOYMENT_TARGET = 26.0;
			};
			name = Release;
		};
		5E15B7372E87BE88005096FA /* Debug */ = {
			isa = XCBuildConfiguration;
			buildSettings = {
				CODE_SIGN_STYLE = Automatic;
				CURRENT_PROJECT_VERSION = 1;
				DEVELOPMENT_TEAM = F6MK5AKLRQ;
				GENERATE_INFOPLIST_FILE = YES;
				IPHONEOS_DEPLOYMENT_TARGET = 26.0;
				MACOSX_DEPLOYMENT_TARGET = 15.6;
				MARKETING_VERSION = 1.0;
				PRODUCT_BUNDLE_IDENTIFIER = com.ziszap.whoamiUITests;
				PRODUCT_NAME = "$(TARGET_NAME)";
				SDKROOT = auto;
				STRING_CATALOG_GENERATE_SYMBOLS = NO;
				SUPPORTED_PLATFORMS = "iphoneos iphonesimulator macosx xros xrsimulator";
				SWIFT_APPROACHABLE_CONCURRENCY = YES;
				SWIFT_EMIT_LOC_STRINGS = NO;
				SWIFT_UPCOMING_FEATURE_MEMBER_IMPORT_VISIBILITY = YES;
				SWIFT_VERSION = 5.0;
				TARGETED_DEVICE_FAMILY = "1,2,7";
				TEST_TARGET_NAME = whoami;
				XROS_DEPLOYMENT_TARGET = 26.0;
			};
			name = Debug;
		};
		5E15B7382E87BE88005096FA /* Release */ = {
			isa = XCBuildConfiguration;
			buildSettings = {
				CODE_SIGN_STYLE = Automatic;
				CURRENT_PROJECT_VERSION = 1;
				DEVELOPMENT_TEAM = F6MK5AKLRQ;
				GENERATE_INFOPLIST_FILE = YES;
				IPHONEOS_DEPLOYMENT_TARGET = 26.0;
				MACOSX_DEPLOYMENT_TARGET = 15.6;
				MARKETING_VERSION = 1.0;
				PRODUCT_BUNDLE_IDENTIFIER = com.ziszap.whoamiUITests;
				PRODUCT_NAME = "$(TARGET_NAME)";
				SDKROOT = auto;
				STRING_CATALOG_GENERATE_SYMBOLS = NO;
				SUPPORTED_PLATFORMS = "iphoneos iphonesimulator macosx xros xrsimulator";
				SWIFT_APPROACHABLE_CONCURRENCY = YES;
				SWIFT_EMIT_LOC_STRINGS = NO;
				SWIFT_UPCOMING_FEATURE_MEMBER_IMPORT_VISIBILITY = YES;
				SWIFT_VERSION = 5.0;
				TARGETED_DEVICE_FAMILY = "1,2,7";
				TEST_TARGET_NAME = whoami;
				XROS_DEPLOYMENT_TARGET = 26.0;
			};
			name = Release;
		};
/* End XCBuildConfiguration section */

/* Begin XCConfigurationList section */
		5E15B7052E87BE86005096FA /* Build configuration list for PBXProject "whoami" */ = {
			isa = XCConfigurationList;
			buildConfigurations = (
				5E15B72E2E87BE88005096FA /* Debug */,
				5E15B72F2E87BE88005096FA /* Release */,
			);
			defaultConfigurationIsVisible = 0;
			defaultConfigurationName = Release;
		};
		5E15B7302E87BE88005096FA /* Build configuration list for PBXNativeTarget "whoami" */ = {
			isa = XCConfigurationList;
			buildConfigurations = (
				5E15B7312E87BE88005096FA /* Debug */,
				5E15B7322E87BE88005096FA /* Release */,
			);
			defaultConfigurationIsVisible = 0;
			defaultConfigurationName = Release;
		};
		5E15B7332E87BE88005096FA /* Build configuration list for PBXNativeTarget "whoamiTests" */ = {
			isa = XCConfigurationList;
			buildConfigurations = (
				5E15B7342E87BE88005096FA /* Debug */,
				5E15B7352E87BE88005096FA /* Release */,
			);
			defaultConfigurationIsVisible = 0;
			defaultConfigurationName = Release;
		};
		5E15B7362E87BE88005096FA /* Build configuration list for PBXNativeTarget "whoamiUITests" */ = {
			isa = XCConfigurationList;
			buildConfigurations = (
				5E15B7372E87BE88005096FA /* Debug */,
				5E15B7382E87BE88005096FA /* Release */,
			);
			defaultConfigurationIsVisible = 0;
			defaultConfigurationName = Release;
		};
/* End XCConfigurationList section */

/* Begin XCVersionGroup section */
		5E15B73F2E87C548005096FA /* whoami.xcdatamodeld */ = {
			isa = XCVersionGroup;
			children = (
				5E15B7422E87C548005096FA /* whoami.xcdatamodel */,
			);
			currentVersion = 5E15B7422E87C548005096FA /* whoami.xcdatamodel */;
			path = whoami.xcdatamodeld;
			sourceTree = "<group>";
			versionGroupType = wrapper.xcdatamodel;
		};
/* End XCVersionGroup section */
	};
	rootObject = 5E15B7022E87BE86005096FA /* Project object */;
}
